
Microsoft Visual Studio Solution File, Format Version 12.00
# Visual Studio Version 17
VisualStudioVersion = 17.2.32630.192
MinimumVisualStudioVersion = 10.0.40219.1
Project("{9A19103F-16F7-4668-BE54-9A1E7A4F7556}") = "SimpleAuth", "SimpleAuth\SimpleAuth.csproj", "{D7D61A94-05F3-4162-B993-B740C417152D}"
EndProject
Global
	GlobalSection(SolutionConfigurationPlatforms) = preSolution
		Debug|Any CPU = Debug|Any CPU
		Release|Any CPU = Release|Any CPU
	EndGlobalSection
	GlobalSection(ProjectConfigurationPlatforms) = postSolution
		{D7D61A94-05F3-4162-B993-B740C417152D}.Debug|Any CPU.ActiveCfg = Debug|Any CPU
		{D7D61A94-05F3-4162-B993-B740C417152D}.Debug|Any CPU.Build.0 = Debug|Any CPU
		{D7D61A94-05F3-4162-B993-B740C417152D}.Release|Any CPU.ActiveCfg = Release|Any CPU
		{D7D61A94-05F3-4162-B993-B740C417152D}.Release|Any CPU.Build.0 = Release|Any CPU
	EndGlobalSection
	GlobalSection(SolutionProperties) = preSolution
		HideSolutionNode = FALSE
	EndGlobalSection
	GlobalSection(ExtensibilityGlobals) = postSolution
		SolutionGuid = {FBDC5FDE-7531-4A89-B5CA-1D066D7C42EB}
	EndGlobalSection
EndGlobal
